
Microsoft Visual Studio Solution File, Format Version 12.00
# Visual Studio Version 17
VisualStudioVersion = 17.11.35303.130
MinimumVisualStudioVersion = 10.0.40219.1
Project("{FAE04EC0-301F-11D3-BF4B-00C04F79EFBC}") = "FilmsManage", "FilmsManage\FilmsManage.csproj", "{CD50C63B-823F-4D85-BD6E-90788366959B}"
EndProject
Global
	GlobalSection(SolutionConfigurationPlatforms) = preSolution
		Debug|Any CPU = Debug|Any CPU
		Release|Any CPU = Release|Any CPU
	EndGlobalSection
	GlobalSection(ProjectConfigurationPlatforms) = postSolution
		{CD50C63B-823F-4D85-BD6E-90788366959B}.Debug|Any CPU.ActiveCfg = Debug|Any CPU
		{CD50C63B-823F-4D85-BD6E-90788366959B}.Debug|Any CPU.Build.0 = Debug|Any CPU
		{CD50C63B-823F-4D85-BD6E-90788366959B}.Release|Any CPU.ActiveCfg = Release|Any CPU
		{CD50C63B-823F-4D85-BD6E-90788366959B}.Release|Any CPU.Build.0 = Release|Any CPU
	EndGlobalSection
	GlobalSection(SolutionProperties) = preSolution
		HideSolutionNode = FALSE
	EndGlobalSection
	GlobalSection(ExtensibilityGlobals) = postSolution
		SolutionGuid = {79EBF806-36E9-4529-AFE1-DE5264E0CB0A}
	EndGlobalSection
EndGlobal
